// !$*UTF8*$!
{
	archiveVersion = 1;
	classes = {
	};
	objectVersion = 48;
	objects = {

/* Begin PBXBuildFile section */
		BE221CDE2051D35500CC4BCB /* BacktrackAlgorithm.swift in Sources */ = {isa = PBXBuildFile; fileRef = BE221CDD2051D35500CC4BCB /* BacktrackAlgorithm.swift */; };
		BE87C3662063F28C00E8A8DC /* ImageViewController.swift in Sources */ = {isa = PBXBuildFile; fileRef = BE87C3652063F28C00E8A8DC /* ImageViewController.swift */; };
		BE87C37D207196F000E8A8DC /* GPUImage.framework in Frameworks */ = {isa = PBXBuildFile; fileRef = BE87C3772071969300E8A8DC /* GPUImage.framework */; settings = {ATTRIBUTES = (Required, ); }; };
		BE87C37F2071975200E8A8DC /* GPUImage.framework in CopyFiles */ = {isa = PBXBuildFile; fileRef = BE87C3772071969300E8A8DC /* GPUImage.framework */; settings = {ATTRIBUTES = (CodeSignOnCopy, RemoveHeadersOnCopy, ); }; };
		BEF3EA7E20361F7A00299E5E /* AppDelegate.swift in Sources */ = {isa = PBXBuildFile; fileRef = BEF3EA7D20361F7A00299E5E /* AppDelegate.swift */; };
		BEF3EA8020361F7A00299E5E /* ViewController.swift in Sources */ = {isa = PBXBuildFile; fileRef = BEF3EA7F20361F7A00299E5E /* ViewController.swift */; };
		BEF3EA8320361F7A00299E5E /* Main.storyboard in Resources */ = {isa = PBXBuildFile; fileRef = BEF3EA8120361F7A00299E5E /* Main.storyboard */; };
		BEF3EA8520361F7A00299E5E /* Assets.xcassets in Resources */ = {isa = PBXBuildFile; fileRef = BEF3EA8420361F7A00299E5E /* Assets.xcassets */; };
		BEF3EA8820361F7A00299E5E /* LaunchScreen.storyboard in Resources */ = {isa = PBXBuildFile; fileRef = BEF3EA8620361F7A00299E5E /* LaunchScreen.storyboard */; };
/* End PBXBuildFile section */

/* Begin PBXContainerItemProxy section */
		BE87C3722071969300E8A8DC /* PBXContainerItemProxy */ = {
			isa = PBXContainerItemProxy;
			containerPortal = BE87C36B2071969200E8A8DC /* GPUImage.xcodeproj */;
			proxyType = 2;
			remoteGlobalIDString = BC6E7CAB1C39A9D8006DF678;
			remoteInfo = GPUImage_macOS;
		};
		BE87C3742071969300E8A8DC /* PBXContainerItemProxy */ = {
			isa = PBXContainerItemProxy;
			containerPortal = BE87C36B2071969200E8A8DC /* GPUImage.xcodeproj */;
			proxyType = 2;
			remoteGlobalIDString = BC6E7CB51C39A9D8006DF678;
			remoteInfo = GPUImageTests_macOS;
		};
		BE87C3762071969300E8A8DC /* PBXContainerItemProxy */ = {
			isa = PBXContainerItemProxy;
			containerPortal = BE87C36B2071969200E8A8DC /* GPUImage.xcodeproj */;
			proxyType = 2;
			remoteGlobalIDString = BC9E34E91E524A2200B8604F;
			remoteInfo = GPUImage_iOS;
		};
		BE87C3782071969300E8A8DC /* PBXContainerItemProxy */ = {
			isa = PBXContainerItemProxy;
			containerPortal = BE87C36B2071969200E8A8DC /* GPUImage.xcodeproj */;
			proxyType = 2;
			remoteGlobalIDString = BC9E34F11E524A2200B8604F;
			remoteInfo = GPUImageTests_iOS;
		};
		BE87C37A207196D100E8A8DC /* PBXContainerItemProxy */ = {
			isa = PBXContainerItemProxy;
			containerPortal = BE87C36B2071969200E8A8DC /* GPUImage.xcodeproj */;
			proxyType = 1;
			remoteGlobalIDString = BC9E34E81E524A2200B8604F;
			remoteInfo = GPUImage_iOS;
		};
		BE87C387207197F900E8A8DC /* PBXContainerItemProxy */ = {
			isa = PBXContainerItemProxy;
			containerPortal = BE87C380207197F800E8A8DC /* GPUImage.xcodeproj */;
			proxyType = 2;
			remoteGlobalIDString = BC6E7CAB1C39A9D8006DF678;
			remoteInfo = GPUImage_macOS;
		};
		BE87C389207197F900E8A8DC /* PBXContainerItemProxy */ = {
			isa = PBXContainerItemProxy;
			containerPortal = BE87C380207197F800E8A8DC /* GPUImage.xcodeproj */;
			proxyType = 2;
			remoteGlobalIDString = BC6E7CB51C39A9D8006DF678;
			remoteInfo = GPUImageTests_macOS;
		};
		BE87C38B207197F900E8A8DC /* PBXContainerItemProxy */ = {
			isa = PBXContainerItemProxy;
			containerPortal = BE87C380207197F800E8A8DC /* GPUImage.xcodeproj */;
			proxyType = 2;
			remoteGlobalIDString = BC9E34E91E524A2200B8604F;
			remoteInfo = GPUImage_iOS;
		};
		BE87C38D207197F900E8A8DC /* PBXContainerItemProxy */ = {
			isa = PBXContainerItemProxy;
			containerPortal = BE87C380207197F800E8A8DC /* GPUImage.xcodeproj */;
			proxyType = 2;
			remoteGlobalIDString = BC9E34F11E524A2200B8604F;
			remoteInfo = GPUImageTests_iOS;
		};
/* End PBXContainerItemProxy section */

/* Begin PBXCopyFilesBuildPhase section */
		BE87C37E2071973D00E8A8DC /* CopyFiles */ = {
			isa = PBXCopyFilesBuildPhase;
			buildActionMask = 2147483647;
			dstPath = "";
			dstSubfolderSpec = 10;
			files = (
				BE87C37F2071975200E8A8DC /* GPUImage.framework in CopyFiles */,
			);
			runOnlyForDeploymentPostprocessing = 0;
		};
/* End PBXCopyFilesBuildPhase section */

/* Begin PBXFileReference section */
		BE221CDD2051D35500CC4BCB /* BacktrackAlgorithm.swift */ = {isa = PBXFileReference; lastKnownFileType = sourcecode.swift; path = BacktrackAlgorithm.swift; sourceTree = "<group>"; };
		BE87C3652063F28C00E8A8DC /* ImageViewController.swift */ = {isa = PBXFileReference; lastKnownFileType = sourcecode.swift; path = ImageViewController.swift; sourceTree = "<group>"; };
		BE87C36B2071969200E8A8DC /* GPUImage.xcodeproj */ = {isa = PBXFileReference; lastKnownFileType = "wrapper.pb-project"; name = GPUImage.xcodeproj; path = "../../../Downloads/GPUImage2-master/framework/GPUImage.xcodeproj"; sourceTree = "<group>"; };
		BE87C380207197F800E8A8DC /* GPUImage.xcodeproj */ = {isa = PBXFileReference; lastKnownFileType = "wrapper.pb-project"; path = GPUImage.xcodeproj; sourceTree = "<group>"; };
		BEF3EA7A20361F7A00299E5E /* SudokuSolver.app */ = {isa = PBXFileReference; explicitFileType = wrapper.application; includeInIndex = 0; path = SudokuSolver.app; sourceTree = BUILT_PRODUCTS_DIR; };
		BEF3EA7D20361F7A00299E5E /* AppDelegate.swift */ = {isa = PBXFileReference; lastKnownFileType = sourcecode.swift; path = AppDelegate.swift; sourceTree = "<group>"; };
		BEF3EA7F20361F7A00299E5E /* ViewController.swift */ = {isa = PBXFileReference; lastKnownFileType = sourcecode.swift; path = ViewController.swift; sourceTree = "<group>"; };
		BEF3EA8220361F7A00299E5E /* Base */ = {isa = PBXFileReference; lastKnownFileType = file.storyboard; name = Base; path = Base.lproj/Main.storyboard; sourceTree = "<group>"; };
		BEF3EA8420361F7A00299E5E /* Assets.xcassets */ = {isa = PBXFileReference; lastKnownFileType = folder.assetcatalog; path = Assets.xcassets; sourceTree = "<group>"; };
		BEF3EA8720361F7A00299E5E /* Base */ = {isa = PBXFileReference; lastKnownFileType = file.storyboard; name = Base; path = Base.lproj/LaunchScreen.storyboard; sourceTree = "<group>"; };
		BEF3EA8920361F7A00299E5E /* Info.plist */ = {isa = PBXFileReference; lastKnownFileType = text.plist.xml; path = Info.plist; sourceTree = "<group>"; };
/* End PBXFileReference section */

/* Begin PBXFrameworksBuildPhase section */
		BEF3EA7720361F7A00299E5E /* Frameworks */ = {
			isa = PBXFrameworksBuildPhase;
			buildActionMask = 2147483647;
			files = (
				BE87C37D207196F000E8A8DC /* GPUImage.framework in Frameworks */,
			);
			runOnlyForDeploymentPostprocessing = 0;
		};
/* End PBXFrameworksBuildPhase section */

/* Begin PBXGroup section */
		BE87C36C2071969200E8A8DC /* Products */ = {
			isa = PBXGroup;
			children = (
				BE87C3732071969300E8A8DC /* GPUImage.framework */,
				BE87C3752071969300E8A8DC /* GPUImageTests_macOS.xctest */,
				BE87C3772071969300E8A8DC /* GPUImage.framework */,
				BE87C3792071969300E8A8DC /* GPUImageTests_iOS.xctest */,
			);
			name = Products;
			sourceTree = "<group>";
		};
		BE87C37C207196F000E8A8DC /* Frameworks */ = {
			isa = PBXGroup;
			children = (
				BE87C380207197F800E8A8DC /* GPUImage.xcodeproj */,
			);
			name = Frameworks;
			sourceTree = "<group>";
		};
		BE87C381207197F800E8A8DC /* Products */ = {
			isa = PBXGroup;
			children = (
				BE87C388207197F900E8A8DC /* GPUImage.framework */,
				BE87C38A207197F900E8A8DC /* GPUImageTests_macOS.xctest */,
				BE87C38C207197F900E8A8DC /* GPUImage.framework */,
				BE87C38E207197F900E8A8DC /* GPUImageTests_iOS.xctest */,
			);
			name = Products;
			sourceTree = "<group>";
		};
		BEF3EA7120361F7A00299E5E = {
			isa = PBXGroup;
			children = (
				BEF3EA7C20361F7A00299E5E /* SudokuSolver */,
				BEF3EA7B20361F7A00299E5E /* Products */,
				BE87C37C207196F000E8A8DC /* Frameworks */,
			);
			sourceTree = "<group>";
		};
		BEF3EA7B20361F7A00299E5E /* Products */ = {
			isa = PBXGroup;
			children = (
				BEF3EA7A20361F7A00299E5E /* SudokuSolver.app */,
			);
			name = Products;
			sourceTree = "<group>";
		};
		BEF3EA7C20361F7A00299E5E /* SudokuSolver */ = {
			isa = PBXGroup;
			children = (
				BEF3EA7D20361F7A00299E5E /* AppDelegate.swift */,
				BEF3EA7F20361F7A00299E5E /* ViewController.swift */,
				BE87C3652063F28C00E8A8DC /* ImageViewController.swift */,
				BE221CDD2051D35500CC4BCB /* BacktrackAlgorithm.swift */,
				BEF3EA8120361F7A00299E5E /* Main.storyboard */,
				BEF3EA8420361F7A00299E5E /* Assets.xcassets */,
				BEF3EA8620361F7A00299E5E /* LaunchScreen.storyboard */,
				BEF3EA8920361F7A00299E5E /* Info.plist */,
				BE87C36B2071969200E8A8DC /* GPUImage.xcodeproj */,
			);
			path = SudokuSolver;
			sourceTree = "<group>";
		};
/* End PBXGroup section */

/* Begin PBXNativeTarget section */
		BEF3EA7920361F7A00299E5E /* SudokuSolver */ = {
			isa = PBXNativeTarget;
			buildConfigurationList = BEF3EA8C20361F7A00299E5E /* Build configuration list for PBXNativeTarget "SudokuSolver" */;
			buildPhases = (
				BEF3EA7620361F7A00299E5E /* Sources */,
				BEF3EA7720361F7A00299E5E /* Frameworks */,
				BEF3EA7820361F7A00299E5E /* Resources */,
				BE87C37E2071973D00E8A8DC /* CopyFiles */,
			);
			buildRules = (
			);
			dependencies = (
				BE87C37B207196D100E8A8DC /* PBXTargetDependency */,
			);
			name = SudokuSolver;
			productName = SudokuSolver;
			productReference = BEF3EA7A20361F7A00299E5E /* SudokuSolver.app */;
			productType = "com.apple.product-type.application";
		};
/* End PBXNativeTarget section */

/* Begin PBXProject section */
		BEF3EA7220361F7A00299E5E /* Project object */ = {
			isa = PBXProject;
			attributes = {
				LastSwiftUpdateCheck = 0920;
				LastUpgradeCheck = 0920;
				ORGANIZATIONNAME = "Will Li";
				TargetAttributes = {
					BEF3EA7920361F7A00299E5E = {
						CreatedOnToolsVersion = 9.2;
						ProvisioningStyle = Automatic;
					};
				};
			};
			buildConfigurationList = BEF3EA7520361F7A00299E5E /* Build configuration list for PBXProject "SudokuSolver" */;
			compatibilityVersion = "Xcode 8.0";
			developmentRegion = en;
			hasScannedForEncodings = 0;
			knownRegions = (
				en,
				Base,
			);
			mainGroup = BEF3EA7120361F7A00299E5E;
			productRefGroup = BEF3EA7B20361F7A00299E5E /* Products */;
			projectDirPath = "";
			projectReferences = (
				{
					ProductGroup = BE87C36C2071969200E8A8DC /* Products */;
					ProjectRef = BE87C36B2071969200E8A8DC /* GPUImage.xcodeproj */;
				},
				{
					ProductGroup = BE87C381207197F800E8A8DC /* Products */;
					ProjectRef = BE87C380207197F800E8A8DC /* GPUImage.xcodeproj */;
				},
			);
			projectRoot = "";
			targets = (
				BEF3EA7920361F7A00299E5E /* SudokuSolver */,
			);
		};
/* End PBXProject section */

/* Begin PBXReferenceProxy section */
		BE87C3732071969300E8A8DC /* GPUImage.framework */ = {
			isa = PBXReferenceProxy;
			fileType = wrapper.framework;
			path = GPUImage.framework;
			remoteRef = BE87C3722071969300E8A8DC /* PBXContainerItemProxy */;
			sourceTree = BUILT_PRODUCTS_DIR;
		};
		BE87C3752071969300E8A8DC /* GPUImageTests_macOS.xctest */ = {
			isa = PBXReferenceProxy;
			fileType = wrapper.cfbundle;
			path = GPUImageTests_macOS.xctest;
			remoteRef = BE87C3742071969300E8A8DC /* PBXContainerItemProxy */;
			sourceTree = BUILT_PRODUCTS_DIR;
		};
		BE87C3772071969300E8A8DC /* GPUImage.framework */ = {
			isa = PBXReferenceProxy;
			fileType = wrapper.framework;
			path = GPUImage.framework;
			remoteRef = BE87C3762071969300E8A8DC /* PBXContainerItemProxy */;
			sourceTree = BUILT_PRODUCTS_DIR;
		};
		BE87C3792071969300E8A8DC /* GPUImageTests_iOS.xctest */ = {
			isa = PBXReferenceProxy;
			fileType = wrapper.cfbundle;
			path = GPUImageTests_iOS.xctest;
			remoteRef = BE87C3782071969300E8A8DC /* PBXContainerItemProxy */;
			sourceTree = BUILT_PRODUCTS_DIR;
		};
		BE87C388207197F900E8A8DC /* GPUImage.framework */ = {
			isa = PBXReferenceProxy;
			fileType = wrapper.framework;
			path = GPUImage.framework;
			remoteRef = BE87C387207197F900E8A8DC /* PBXContainerItemProxy */;
			sourceTree = BUILT_PRODUCTS_DIR;
		};
		BE87C38A207197F900E8A8DC /* GPUImageTests_macOS.xctest */ = {
			isa = PBXReferenceProxy;
			fileType = wrapper.cfbundle;
			path = GPUImageTests_macOS.xctest;
			remoteRef = BE87C389207197F900E8A8DC /* PBXContainerItemProxy */;
			sourceTree = BUILT_PRODUCTS_DIR;
		};
		BE87C38C207197F900E8A8DC /* GPUImage.framework */ = {
			isa = PBXReferenceProxy;
			fileType = wrapper.framework;
			path = GPUImage.framework;
			remoteRef = BE87C38B207197F900E8A8DC /* PBXContainerItemProxy */;
			sourceTree = BUILT_PRODUCTS_DIR;
		};
		BE87C38E207197F900E8A8DC /* GPUImageTests_iOS.xctest */ = {
			isa = PBXReferenceProxy;
			fileType = wrapper.cfbundle;
			path = GPUImageTests_iOS.xctest;
			remoteRef = BE87C38D207197F900E8A8DC /* PBXContainerItemProxy */;
			sourceTree = BUILT_PRODUCTS_DIR;
		};
/* End PBXReferenceProxy section */

/* Begin PBXResourcesBuildPhase section */
		BEF3EA7820361F7A00299E5E /* Resources */ = {
			isa = PBXResourcesBuildPhase;
			buildActionMask = 2147483647;
			files = (
				BEF3EA8820361F7A00299E5E /* LaunchScreen.storyboard in Resources */,
				BEF3EA8520361F7A00299E5E /* Assets.xcassets in Resources */,
				BEF3EA8320361F7A00299E5E /* Main.storyboard in Resources */,
			);
			runOnlyForDeploymentPostprocessing = 0;
		};
/* End PBXResourcesBuildPhase section */

/* Begin PBXSourcesBuildPhase section */
		BEF3EA7620361F7A00299E5E /* Sources */ = {
			isa = PBXSourcesBuildPhase;
			buildActionMask = 2147483647;
			files = (
				BE221CDE2051D35500CC4BCB /* BacktrackAlgorithm.swift in Sources */,
				BEF3EA8020361F7A00299E5E /* ViewController.swift in Sources */,
				BE87C3662063F28C00E8A8DC /* ImageViewController.swift in Sources */,
				BEF3EA7E20361F7A00299E5E /* AppDelegate.swift in Sources */,
			);
			runOnlyForDeploymentPostprocessing = 0;
		};
/* End PBXSourcesBuildPhase section */

/* Begin PBXTargetDependency section */
		BE87C37B207196D100E8A8DC /* PBXTargetDependency */ = {
			isa = PBXTargetDependency;
			name = GPUImage_iOS;
			targetProxy = BE87C37A207196D100E8A8DC /* PBXContainerItemProxy */;
		};
/* End PBXTargetDependency section */

/* Begin PBXVariantGroup section */
		BEF3EA8120361F7A00299E5E /* Main.storyboard */ = {
			isa = PBXVariantGroup;
			children = (
				BEF3EA8220361F7A00299E5E /* Base */,
			);
			name = Main.storyboard;
			sourceTree = "<group>";
		};
		BEF3EA8620361F7A00299E5E /* LaunchScreen.storyboard */ = {
			isa = PBXVariantGroup;
			children = (
				BEF3EA8720361F7A00299E5E /* Base */,
			);
			name = LaunchScreen.storyboard;
			sourceTree = "<group>";
		};
/* End PBXVariantGroup section */

/* Begin XCBuildConfiguration section */
		BEF3EA8A20361F7A00299E5E /* Debug */ = {
			isa = XCBuildConfiguration;
			buildSettings = {
				ALWAYS_SEARCH_USER_PATHS = NO;
				CLANG_ANALYZER_NONNULL = YES;
				CLANG_ANALYZER_NUMBER_OBJECT_CONVERSION = YES_AGGRESSIVE;
				CLANG_CXX_LANGUAGE_STANDARD = "gnu++14";
				CLANG_CXX_LIBRARY = "libc++";
				CLANG_ENABLE_MODULES = YES;
				CLANG_ENABLE_OBJC_ARC = YES;
				CLANG_WARN_BLOCK_CAPTURE_AUTORELEASING = YES;
				CLANG_WARN_BOOL_CONVERSION = YES;
				CLANG_WARN_COMMA = YES;
				CLANG_WARN_CONSTANT_CONVERSION = YES;
				CLANG_WARN_DIRECT_OBJC_ISA_USAGE = YES_ERROR;
				CLANG_WARN_DOCUMENTATION_COMMENTS = YES;
				CLANG_WARN_EMPTY_BODY = YES;
				CLANG_WARN_ENUM_CONVERSION = YES;
				CLANG_WARN_INFINITE_RECURSION = YES;
				CLANG_WARN_INT_CONVERSION = YES;
				CLANG_WARN_NON_LITERAL_NULL_CONVERSION = YES;
				CLANG_WARN_OBJC_LITERAL_CONVERSION = YES;
				CLANG_WARN_OBJC_ROOT_CLASS = YES_ERROR;
				CLANG_WARN_RANGE_LOOP_ANALYSIS = YES;
				CLANG_WARN_STRICT_PROTOTYPES = YES;
				CLANG_WARN_SUSPICIOUS_MOVE = YES;
				CLANG_WARN_UNGUARDED_AVAILABILITY = YES_AGGRESSIVE;
				CLANG_WARN_UNREACHABLE_CODE = YES;
				CLANG_WARN__DUPLICATE_METHOD_MATCH = YES;
				CODE_SIGN_IDENTITY = "iPhone Developer";
				COPY_PHASE_STRIP = NO;
				DEBUG_INFORMATION_FORMAT = dwarf;
				ENABLE_STRICT_OBJC_MSGSEND = YES;
				ENABLE_TESTABILITY = YES;
				GCC_C_LANGUAGE_STANDARD = gnu11;
				GCC_DYNAMIC_NO_PIC = NO;
				GCC_NO_COMMON_BLOCKS = YES;
				GCC_OPTIMIZATION_LEVEL = 0;
				GCC_PREPROCESSOR_DEFINITIONS = (
					"DEBUG=1",
					"$(inherited)",
				);
				GCC_WARN_64_TO_32_BIT_CONVERSION = YES;
				GCC_WARN_ABOUT_RETURN_TYPE = YES_ERROR;
				GCC_WARN_UNDECLARED_SELECTOR = YES;
				GCC_WARN_UNINITIALIZED_AUTOS = YES_AGGRESSIVE;
				GCC_WARN_UNUSED_FUNCTION = YES;
				GCC_WARN_UNUSED_VARIABLE = YES;
				IPHONEOS_DEPLOYMENT_TARGET = 11.2;
				MTL_ENABLE_DEBUG_INFO = YES;
				ONLY_ACTIVE_ARCH = YES;
				SDKROOT = iphoneos;
				SWIFT_ACTIVE_COMPILATION_CONDITIONS = DEBUG;
				SWIFT_OPTIMIZATION_LEVEL = "-Onone";
			};
			name = Debug;
		};
		BEF3EA8B20361F7A00299E5E /* Release */ = {
			isa = XCBuildConfiguration;
			buildSettings = {
				ALWAYS_SEARCH_USER_PATHS = NO;
				CLANG_ANALYZER_NONNULL = YES;
				CLANG_ANALYZER_NUMBER_OBJECT_CONVERSION = YES_AGGRESSIVE;
				CLANG_CXX_LANGUAGE_STANDARD = "gnu++14";
				CLANG_CXX_LIBRARY = "libc++";
				CLANG_ENABLE_MODULES = YES;
				CLANG_ENABLE_OBJC_ARC = YES;
				CLANG_WARN_BLOCK_CAPTURE_AUTORELEASING = YES;
				CLANG_WARN_BOOL_CONVERSION = YES;
				CLANG_WARN_COMMA = YES;
				CLANG_WARN_CONSTANT_CONVERSION = YES;
				CLANG_WARN_DIRECT_OBJC_ISA_USAGE = YES_ERROR;
				CLANG_WARN_DOCUMENTATION_COMMENTS = YES;
				CLANG_WARN_EMPTY_BODY = YES;
				CLANG_WARN_ENUM_CONVERSION = YES;
				CLANG_WARN_INFINITE_RECURSION = YES;
				CLANG_WARN_INT_CONVERSION = YES;
				CLANG_WARN_NON_LITERAL_NULL_CONVERSION = YES;
				CLANG_WARN_OBJC_LITERAL_CONVERSION = YES;
				CLANG_WARN_OBJC_ROOT_CLASS = YES_ERROR;
				CLANG_WARN_RANGE_LOOP_ANALYSIS = YES;
				CLANG_WARN_STRICT_PROTOTYPES = YES;
				CLANG_WARN_SUSPICIOUS_MOVE = YES;
				CLANG_WARN_UNGUARDED_AVAILABILITY = YES_AGGRESSIVE;
				CLANG_WARN_UNREACHABLE_CODE = YES;
				CLANG_WARN__DUPLICATE_METHOD_MATCH = YES;
				CODE_SIGN_IDENTITY = "iPhone Developer";
				COPY_PHASE_STRIP = NO;
				DEBUG_INFORMATION_FORMAT = "dwarf-with-dsym";
				ENABLE_NS_ASSERTIONS = NO;
				ENABLE_STRICT_OBJC_MSGSEND = YES;
				GCC_C_LANGUAGE_STANDARD = gnu11;
				GCC_NO_COMMON_BLOCKS = YES;
				GCC_WARN_64_TO_32_BIT_CONVERSION = YES;
				GCC_WARN_ABOUT_RETURN_TYPE = YES_ERROR;
				GCC_WARN_UNDECLARED_SELECTOR = YES;
				GCC_WARN_UNINITIALIZED_AUTOS = YES_AGGRESSIVE;
				GCC_WARN_UNUSED_FUNCTION = YES;
				GCC_WARN_UNUSED_VARIABLE = YES;
				IPHONEOS_DEPLOYMENT_TARGET = 11.2;
				MTL_ENABLE_DEBUG_INFO = NO;
				SDKROOT = iphoneos;
				SWIFT_OPTIMIZATION_LEVEL = "-Owholemodule";
				VALIDATE_PRODUCT = YES;
			};
			name = Release;
		};
		BEF3EA8D20361F7A00299E5E /* Debug */ = {
			isa = XCBuildConfiguration;
			buildSettings = {
				ASSETCATALOG_COMPILER_APPICON_NAME = AppIcon;
				"CODE_SIGN_IDENTITY[sdk=iphoneos*]" = "iPhone Developer";
				CODE_SIGN_STYLE = Automatic;
				DEVELOPMENT_TEAM = 5Q2AUU7BP4;
				INFOPLIST_FILE = SudokuSolver/Info.plist;
				LD_RUNPATH_SEARCH_PATHS = "$(inherited) @executable_path/Frameworks";
				PRODUCT_BUNDLE_IDENTIFIER = com.example.Sudoku;
				PRODUCT_NAME = "$(TARGET_NAME)";
				PROVISIONING_PROFILE_SPECIFIER = "";
				SWIFT_VERSION = 4.0;
				TARGETED_DEVICE_FAMILY = "1,2";
			};
			name = Debug;
		};
		BEF3EA8E20361F7A00299E5E /* Release */ = {
			isa = XCBuildConfiguration;
			buildSettings = {
				ASSETCATALOG_COMPILER_APPICON_NAME = AppIcon;
				"CODE_SIGN_IDENTITY[sdk=iphoneos*]" = "iPhone Developer";
				CODE_SIGN_STYLE = Automatic;
				DEVELOPMENT_TEAM = 5Q2AUU7BP4;
				INFOPLIST_FILE = SudokuSolver/Info.plist;
				LD_RUNPATH_SEARCH_PATHS = "$(inherited) @executable_path/Frameworks";
				PRODUCT_BUNDLE_IDENTIFIER = com.example.Sudoku;
				PRODUCT_NAME = "$(TARGET_NAME)";
				PROVISIONING_PROFILE_SPECIFIER = "";
				SWIFT_VERSION = 4.0;
				TARGETED_DEVICE_FAMILY = "1,2";
			};
			name = Release;
		};
/* End XCBuildConfiguration section */

/* Begin XCConfigurationList section */
		BEF3EA7520361F7A00299E5E /* Build configuration list for PBXProject "SudokuSolver" */ = {
			isa = XCConfigurationList;
			buildConfigurations = (
				BEF3EA8A20361F7A00299E5E /* Debug */,
				BEF3EA8B20361F7A00299E5E /* Release */,
			);
			defaultConfigurationIsVisible = 0;
			defaultConfigurationName = Release;
		};
		BEF3EA8C20361F7A00299E5E /* Build configuration list for PBXNativeTarget "SudokuSolver" */ = {
			isa = XCConfigurationList;
			buildConfigurations = (
				BEF3EA8D20361F7A00299E5E /* Debug */,
				BEF3EA8E20361F7A00299E5E /* Release */,
			);
			defaultConfigurationIsVisible = 0;
			defaultConfigurationName = Release;
		};
/* End XCConfigurationList section */
	};
	rootObject = BEF3EA7220361F7A00299E5E /* Project object */;
}
