// !$*UTF8*$!
{
	archiveVersion = 1;
	classes = {
	};
	objectVersion = 48;
	objects = {

/* Begin PBXBuildFile section */
		BE221CDE2051D35500CC4BCB /* BacktrackAlgorithm.swift in Sources */ = {isa = PBXBuildFile; fileRef = BE221CDD2051D35500CC4BCB /* BacktrackAlgorithm.swift */; };
		BEF3EA7E20361F7A00299E5E /* AppDelegate.swift in Sources */ = {isa = PBXBuildFile; fileRef = BEF3EA7D20361F7A00299E5E /* AppDelegate.swift */; };
		BEF3EA8020361F7A00299E5E /* ViewController.swift in Sources */ = {isa = PBXBuildFile; fileRef = BEF3EA7F20361F7A00299E5E /* ViewController.swift */; };
		BEF3EA8320361F7A00299E5E /* Main.storyboard in Resources */ = {isa = PBXBuildFile; fileRef = BEF3EA8120361F7A00299E5E /* Main.storyboard */; };
		BEF3EA8520361F7A00299E5E /* Assets.xcassets in Resources */ = {isa = PBXBuildFile; fileRef = BEF3EA8420361F7A00299E5E /* Assets.xcassets */; };
		BEF3EA8820361F7A00299E5E /* LaunchScreen.storyboard in Resources */ = {isa = PBXBuildFile; fileRef = BEF3EA8620361F7A00299E5E /* LaunchScreen.storyboard */; };
		BEF3EA90203F40A700299E5E /* cameraBuffer.swift in Sources */ = {isa = PBXBuildFile; fileRef = BEF3EA8F203F40A700299E5E /* cameraBuffer.swift */; };
/* End PBXBuildFile section */

/* Begin PBXFileReference section */
		BE221CDD2051D35500CC4BCB /* BacktrackAlgorithm.swift */ = {isa = PBXFileReference; lastKnownFileType = sourcecode.swift; path = BacktrackAlgorithm.swift; sourceTree = "<group>"; };
		BEF3EA7A20361F7A00299E5E /* SudokuSolver.app */ = {isa = PBXFileReference; explicitFileType = wrapper.application; includeInIndex = 0; path = SudokuSolver.app; sourceTree = BUILT_PRODUCTS_DIR; };
		BEF3EA7D20361F7A00299E5E /* AppDelegate.swift */ = {isa = PBXFileReference; lastKnownFileType = sourcecode.swift; path = AppDelegate.swift; sourceTree = "<group>"; };
		BEF3EA7F20361F7A00299E5E /* ViewController.swift */ = {isa = PBXFileReference; lastKnownFileType = sourcecode.swift; path = ViewController.swift; sourceTree = "<group>"; };
		BEF3EA8220361F7A00299E5E /* Base */ = {isa = PBXFileReference; lastKnownFileType = file.storyboard; name = Base; path = Base.lproj/Main.storyboard; sourceTree = "<group>"; };
		BEF3EA8420361F7A00299E5E /* Assets.xcassets */ = {isa = PBXFileReference; lastKnownFileType = folder.assetcatalog; path = Assets.xcassets; sourceTree = "<group>"; };
		BEF3EA8720361F7A00299E5E /* Base */ = {isa = PBXFileReference; lastKnownFileType = file.storyboard; name = Base; path = Base.lproj/LaunchScreen.storyboard; sourceTree = "<group>"; };
		BEF3EA8920361F7A00299E5E /* Info.plist */ = {isa = PBXFileReference; lastKnownFileType = text.plist.xml; path = Info.plist; sourceTree = "<group>"; };
		BEF3EA8F203F40A700299E5E /* cameraBuffer.swift */ = {isa = PBXFileReference; lastKnownFileType = sourcecode.swift; path = cameraBuffer.swift; sourceTree = "<group>"; };
/* End PBXFileReference section */

/* Begin PBXFrameworksBuildPhase section */
		BEF3EA7720361F7A00299E5E /* Frameworks */ = {
			isa = PBXFrameworksBuildPhase;
			buildActionMask = 2147483647;
			files = (
			);
			runOnlyForDeploymentPostprocessing = 0;
		};
/* End PBXFrameworksBuildPhase section */

/* Begin PBXGroup section */
		BEF3EA7120361F7A00299E5E = {
			isa = PBXGroup;
			children = (
				BEF3EA7C20361F7A00299E5E /* SudokuSolver */,
				BEF3EA7B20361F7A00299E5E /* Products */,
			);
			sourceTree = "<group>";
		};
		BEF3EA7B20361F7A00299E5E /* Products */ = {
			isa = PBXGroup;
			children = (
				BEF3EA7A20361F7A00299E5E /* SudokuSolver.app */,
			);
			name = Products;
			sourceTree = "<group>";
		};
		BEF3EA7C20361F7A00299E5E /* SudokuSolver */ = {
			isa = PBXGroup;
			children = (
				BEF3EA7D20361F7A00299E5E /* AppDelegate.swift */,
				BEF3EA7F20361F7A00299E5E /* ViewController.swift */,
				BEF3EA8120361F7A00299E5E /* Main.storyboard */,
				BEF3EA8420361F7A00299E5E /* Assets.xcassets */,
				BEF3EA8620361F7A00299E5E /* LaunchScreen.storyboard */,
				BEF3EA8920361F7A00299E5E /* Info.plist */,
				BEF3EA8F203F40A700299E5E /* cameraBuffer.swift */,
				BE221CDD2051D35500CC4BCB /* BacktrackAlgorithm.swift */,
			);
			path = SudokuSolver;
			sourceTree = "<group>";
		};
/* End PBXGroup section */

/* Begin PBXNativeTarget section */
		BEF3EA7920361F7A00299E5E /* SudokuSolver */ = {
			isa = PBXNativeTarget;
			buildConfigurationList = BEF3EA8C20361F7A00299E5E /* Build configuration list for PBXNativeTarget "SudokuSolver" */;
			buildPhases = (
				BEF3EA7620361F7A00299E5E /* Sources */,
				BEF3EA7720361F7A00299E5E /* Frameworks */,
				BEF3EA7820361F7A00299E5E /* Resources */,
			);
			buildRules = (
			);
			dependencies = (
			);
			name = SudokuSolver;
			productName = SudokuSolver;
			productReference = BEF3EA7A20361F7A00299E5E /* SudokuSolver.app */;
			productType = "com.apple.product-type.application";
		};
/* End PBXNativeTarget section */

/* Begin PBXProject section */
		BEF3EA7220361F7A00299E5E /* Project object */ = {
			isa = PBXProject;
			attributes = {
				LastSwiftUpdateCheck = 0920;
				LastUpgradeCheck = 0920;
				ORGANIZATIONNAME = "Will Li";
				TargetAttributes = {
					BEF3EA7920361F7A00299E5E = {
						CreatedOnToolsVersion = 9.2;
						ProvisioningStyle = Automatic;
					};
				};
			};
			buildConfigurationList = BEF3EA7520361F7A00299E5E /* Build configuration list for PBXProject "SudokuSolver" */;
			compatibilityVersion = "Xcode 8.0";
			developmentRegion = en;
			hasScannedForEncodings = 0;
			knownRegions = (
				en,
				Base,
			);
			mainGroup = BEF3EA7120361F7A00299E5E;
			productRefGroup = BEF3EA7B20361F7A00299E5E /* Products */;
			projectDirPath = "";
			projectRoot = "";
			targets = (
				BEF3EA7920361F7A00299E5E /* SudokuSolver */,
			);
		};
/* End PBXProject section */

/* Begin PBXResourcesBuildPhase section */
		BEF3EA7820361F7A00299E5E /* Resources */ = {
			isa = PBXResourcesBuildPhase;
			buildActionMask = 2147483647;
			files = (
				BEF3EA8820361F7A00299E5E /* LaunchScreen.storyboard in Resources */,
				BEF3EA8520361F7A00299E5E /* Assets.xcassets in Resources */,
				BEF3EA8320361F7A00299E5E /* Main.storyboard in Resources */,
			);
			runOnlyForDeploymentPostprocessing = 0;
		};
/* End PBXResourcesBuildPhase section */

/* Begin PBXSourcesBuildPhase section */
		BEF3EA7620361F7A00299E5E /* Sources */ = {
			isa = PBXSourcesBuildPhase;
			buildActionMask = 2147483647;
			files = (
				BE221CDE2051D35500CC4BCB /* BacktrackAlgorithm.swift in Sources */,
				BEF3EA90203F40A700299E5E /* cameraBuffer.swift in Sources */,
				BEF3EA8020361F7A00299E5E /* ViewController.swift in Sources */,
				BEF3EA7E20361F7A00299E5E /* AppDelegate.swift in Sources */,
			);
			runOnlyForDeploymentPostprocessing = 0;
		};
/* End PBXSourcesBuildPhase section */

/* Begin PBXVariantGroup section */
		BEF3EA8120361F7A00299E5E /* Main.storyboard */ = {
			isa = PBXVariantGroup;
			children = (
				BEF3EA8220361F7A00299E5E /* Base */,
			);
			name = Main.storyboard;
			sourceTree = "<group>";
		};
		BEF3EA8620361F7A00299E5E /* LaunchScreen.storyboard */ = {
			isa = PBXVariantGroup;
			children = (
				BEF3EA8720361F7A00299E5E /* Base */,
			);
			name = LaunchScreen.storyboard;
			sourceTree = "<group>";
		};
/* End PBXVariantGroup section */

/* Begin XCBuildConfiguration section */
		BEF3EA8A20361F7A00299E5E /* Debug */ = {
			isa = XCBuildConfiguration;
			buildSettings = {
				ALWAYS_SEARCH_USER_PATHS = NO;
				CLANG_ANALYZER_NONNULL = YES;
				CLANG_ANALYZER_NUMBER_OBJECT_CONVERSION = YES_AGGRESSIVE;
				CLANG_CXX_LANGUAGE_STANDARD = "gnu++14";
				CLANG_CXX_LIBRARY = "libc++";
				CLANG_ENABLE_MODULES = YES;
				CLANG_ENABLE_OBJC_ARC = YES;
				CLANG_WARN_BLOCK_CAPTURE_AUTORELEASING = YES;
				CLANG_WARN_BOOL_CONVERSION = YES;
				CLANG_WARN_COMMA = YES;
				CLANG_WARN_CONSTANT_CONVERSION = YES;
				CLANG_WARN_DIRECT_OBJC_ISA_USAGE = YES_ERROR;
				CLANG_WARN_DOCUMENTATION_COMMENTS = YES;
				CLANG_WARN_EMPTY_BODY = YES;
				CLANG_WARN_ENUM_CONVERSION = YES;
				CLANG_WARN_INFINITE_RECURSION = YES;
				CLANG_WARN_INT_CONVERSION = YES;
				CLANG_WARN_NON_LITERAL_NULL_CONVERSION = YES;
				CLANG_WARN_OBJC_LITERAL_CONVERSION = YES;
				CLANG_WARN_OBJC_ROOT_CLASS = YES_ERROR;
				CLANG_WARN_RANGE_LOOP_ANALYSIS = YES;
				CLANG_WARN_STRICT_PROTOTYPES = YES;
				CLANG_WARN_SUSPICIOUS_MOVE = YES;
				CLANG_WARN_UNGUARDED_AVAILABILITY = YES_AGGRESSIVE;
				CLANG_WARN_UNREACHABLE_CODE = YES;
				CLANG_WARN__DUPLICATE_METHOD_MATCH = YES;
				CODE_SIGN_IDENTITY = "iPhone Developer";
				COPY_PHASE_STRIP = NO;
				DEBUG_INFORMATION_FORMAT = dwarf;
				ENABLE_STRICT_OBJC_MSGSEND = YES;
				ENABLE_TESTABILITY = YES;
				GCC_C_LANGUAGE_STANDARD = gnu11;
				GCC_DYNAMIC_NO_PIC = NO;
				GCC_NO_COMMON_BLOCKS = YES;
				GCC_OPTIMIZATION_LEVEL = 0;
				GCC_PREPROCESSOR_DEFINITIONS = (
					"DEBUG=1",
					"$(inherited)",
				);
				GCC_WARN_64_TO_32_BIT_CONVERSION = YES;
				GCC_WARN_ABOUT_RETURN_TYPE = YES_ERROR;
				GCC_WARN_UNDECLARED_SELECTOR = YES;
				GCC_WARN_UNINITIALIZED_AUTOS = YES_AGGRESSIVE;
				GCC_WARN_UNUSED_FUNCTION = YES;
				GCC_WARN_UNUSED_VARIABLE = YES;
				IPHONEOS_DEPLOYMENT_TARGET = 11.2;
				MTL_ENABLE_DEBUG_INFO = YES;
				ONLY_ACTIVE_ARCH = YES;
				SDKROOT = iphoneos;
				SWIFT_ACTIVE_COMPILATION_CONDITIONS = DEBUG;
				SWIFT_OPTIMIZATION_LEVEL = "-Onone";
			};
			name = Debug;
		};
		BEF3EA8B20361F7A00299E5E /* Release */ = {
			isa = XCBuildConfiguration;
			buildSettings = {
				ALWAYS_SEARCH_USER_PATHS = NO;
				CLANG_ANALYZER_NONNULL = YES;
				CLANG_ANALYZER_NUMBER_OBJECT_CONVERSION = YES_AGGRESSIVE;
				CLANG_CXX_LANGUAGE_STANDARD = "gnu++14";
				CLANG_CXX_LIBRARY = "libc++";
				CLANG_ENABLE_MODULES = YES;
				CLANG_ENABLE_OBJC_ARC = YES;
				CLANG_WARN_BLOCK_CAPTURE_AUTORELEASING = YES;
				CLANG_WARN_BOOL_CONVERSION = YES;
				CLANG_WARN_COMMA = YES;
				CLANG_WARN_CONSTANT_CONVERSION = YES;
				CLANG_WARN_DIRECT_OBJC_ISA_USAGE = YES_ERROR;
				CLANG_WARN_DOCUMENTATION_COMMENTS = YES;
				CLANG_WARN_EMPTY_BODY = YES;
				CLANG_WARN_ENUM_CONVERSION = YES;
				CLANG_WARN_INFINITE_RECURSION = YES;
				CLANG_WARN_INT_CONVERSION = YES;
				CLANG_WARN_NON_LITERAL_NULL_CONVERSION = YES;
				CLANG_WARN_OBJC_LITERAL_CONVERSION = YES;
				CLANG_WARN_OBJC_ROOT_CLASS = YES_ERROR;
				CLANG_WARN_RANGE_LOOP_ANALYSIS = YES;
				CLANG_WARN_STRICT_PROTOTYPES = YES;
				CLANG_WARN_SUSPICIOUS_MOVE = YES;
				CLANG_WARN_UNGUARDED_AVAILABILITY = YES_AGGRESSIVE;
				CLANG_WARN_UNREACHABLE_CODE = YES;
				CLANG_WARN__DUPLICATE_METHOD_MATCH = YES;
				CODE_SIGN_IDENTITY = "iPhone Developer";
				COPY_PHASE_STRIP = NO;
				DEBUG_INFORMATION_FORMAT = "dwarf-with-dsym";
				ENABLE_NS_ASSERTIONS = NO;
				ENABLE_STRICT_OBJC_MSGSEND = YES;
				GCC_C_LANGUAGE_STANDARD = gnu11;
				GCC_NO_COMMON_BLOCKS = YES;
				GCC_WARN_64_TO_32_BIT_CONVERSION = YES;
				GCC_WARN_ABOUT_RETURN_TYPE = YES_ERROR;
				GCC_WARN_UNDECLARED_SELECTOR = YES;
				GCC_WARN_UNINITIALIZED_AUTOS = YES_AGGRESSIVE;
				GCC_WARN_UNUSED_FUNCTION = YES;
				GCC_WARN_UNUSED_VARIABLE = YES;
				IPHONEOS_DEPLOYMENT_TARGET = 11.2;
				MTL_ENABLE_DEBUG_INFO = NO;
				SDKROOT = iphoneos;
				SWIFT_OPTIMIZATION_LEVEL = "-Owholemodule";
				VALIDATE_PRODUCT = YES;
			};
			name = Release;
		};
		BEF3EA8D20361F7A00299E5E /* Debug */ = {
			isa = XCBuildConfiguration;
			buildSettings = {
				ASSETCATALOG_COMPILER_APPICON_NAME = AppIcon;
				"CODE_SIGN_IDENTITY[sdk=iphoneos*]" = "iPhone Developer";
				CODE_SIGN_STYLE = Automatic;
				DEVELOPMENT_TEAM = 5Q2AUU7BP4;
				INFOPLIST_FILE = SudokuSolver/Info.plist;
				LD_RUNPATH_SEARCH_PATHS = "$(inherited) @executable_path/Frameworks";
				PRODUCT_BUNDLE_IDENTIFIER = com.example.Sudoku;
				PRODUCT_NAME = "$(TARGET_NAME)";
				PROVISIONING_PROFILE_SPECIFIER = "";
				SWIFT_VERSION = 4.0;
				TARGETED_DEVICE_FAMILY = "1,2";
			};
			name = Debug;
		};
		BEF3EA8E20361F7A00299E5E /* Release */ = {
			isa = XCBuildConfiguration;
			buildSettings = {
				ASSETCATALOG_COMPILER_APPICON_NAME = AppIcon;
				"CODE_SIGN_IDENTITY[sdk=iphoneos*]" = "iPhone Developer";
				CODE_SIGN_STYLE = Automatic;
				DEVELOPMENT_TEAM = 5Q2AUU7BP4;
				INFOPLIST_FILE = SudokuSolver/Info.plist;
				LD_RUNPATH_SEARCH_PATHS = "$(inherited) @executable_path/Frameworks";
				PRODUCT_BUNDLE_IDENTIFIER = com.example.Sudoku;
				PRODUCT_NAME = "$(TARGET_NAME)";
				PROVISIONING_PROFILE_SPECIFIER = "";
				SWIFT_VERSION = 4.0;
				TARGETED_DEVICE_FAMILY = "1,2";
			};
			name = Release;
		};
/* End XCBuildConfiguration section */

/* Begin XCConfigurationList section */
		BEF3EA7520361F7A00299E5E /* Build configuration list for PBXProject "SudokuSolver" */ = {
			isa = XCConfigurationList;
			buildConfigurations = (
				BEF3EA8A20361F7A00299E5E /* Debug */,
				BEF3EA8B20361F7A00299E5E /* Release */,
			);
			defaultConfigurationIsVisible = 0;
			defaultConfigurationName = Release;
		};
		BEF3EA8C20361F7A00299E5E /* Build configuration list for PBXNativeTarget "SudokuSolver" */ = {
			isa = XCConfigurationList;
			buildConfigurations = (
				BEF3EA8D20361F7A00299E5E /* Debug */,
				BEF3EA8E20361F7A00299E5E /* Release */,
			);
			defaultConfigurationIsVisible = 0;
			defaultConfigurationName = Release;
		};
/* End XCConfigurationList section */
	};
	rootObject = BEF3EA7220361F7A00299E5E /* Project object */;
}
